
Microsoft Visual Studio Solution File, Format Version 12.00
# Visual Studio Version 16
VisualStudioVersion = 16.0.31205.134
MinimumVisualStudioVersion = 10.0.40219.1
Project("{FAE04EC0-301F-11D3-BF4B-00C04F79EFBC}") = "ConsoleApp1", "ConsoleApp1.csproj", "{5E264C6A-627B-4264-85B8-8EFB45A002B1}"
EndProject
Project("{FAE04EC0-301F-11D3-BF4B-00C04F79EFBC}") = "SocialProtectionDepartment", "..\SocialProtectionDepartment\SocialProtectionDepartment.csproj", "{EBCE5841-DC57-419E-AE98-FD50ECF04C21}"
EndProject
Project("{FAE04EC0-301F-11D3-BF4B-00C04F79EFBC}") = "FourSeasons", "..\FourSeasons\FourSeasons.csproj", "{BBAD41EF-5FB4-4912-8D94-39FA24632C4E}"
EndProject
Global
	GlobalSection(SolutionConfigurationPlatforms) = preSolution
		Debug|Any CPU = Debug|Any CPU
		Release|Any CPU = Release|Any CPU
	EndGlobalSection
	GlobalSection(ProjectConfigurationPlatforms) = postSolution
		{5E264C6A-627B-4264-85B8-8EFB45A002B1}.Debug|Any CPU.ActiveCfg = Debug|Any CPU
		{5E264C6A-627B-4264-85B8-8EFB45A002B1}.Debug|Any CPU.Build.0 = Debug|Any CPU
		{5E264C6A-627B-4264-85B8-8EFB45A002B1}.Release|Any CPU.ActiveCfg = Release|Any CPU
		{5E264C6A-627B-4264-85B8-8EFB45A002B1}.Release|Any CPU.Build.0 = Release|Any CPU
		{EBCE5841-DC57-419E-AE98-FD50ECF04C21}.Debug|Any CPU.ActiveCfg = Debug|Any CPU
		{EBCE5841-DC57-419E-AE98-FD50ECF04C21}.Debug|Any CPU.Build.0 = Debug|Any CPU
		{EBCE5841-DC57-419E-AE98-FD50ECF04C21}.Release|Any CPU.ActiveCfg = Release|Any CPU
		{EBCE5841-DC57-419E-AE98-FD50ECF04C21}.Release|Any CPU.Build.0 = Release|Any CPU
		{BBAD41EF-5FB4-4912-8D94-39FA24632C4E}.Debug|Any CPU.ActiveCfg = Debug|Any CPU
		{BBAD41EF-5FB4-4912-8D94-39FA24632C4E}.Debug|Any CPU.Build.0 = Debug|Any CPU
		{BBAD41EF-5FB4-4912-8D94-39FA24632C4E}.Release|Any CPU.ActiveCfg = Release|Any CPU
		{BBAD41EF-5FB4-4912-8D94-39FA24632C4E}.Release|Any CPU.Build.0 = Release|Any CPU
	EndGlobalSection
	GlobalSection(SolutionProperties) = preSolution
		HideSolutionNode = FALSE
	EndGlobalSection
	GlobalSection(ExtensibilityGlobals) = postSolution
		SolutionGuid = {CED5EEC5-2880-488A-BEE8-5CF7126CA32E}
	EndGlobalSection
EndGlobal
